<?xml version="1.0" encoding="UTF-8"?>
<Project ToolsVersion="4.0" xmlns="http://schemas.microsoft.com/developer/msbuild/2003">
  <ItemGroup>
    <ClCompile Include="C:\Users\Cheng\Desktop\ee557\02_3D_Modeling\hw2_main.cpp">
      <Filter>Source Files</Filter>
    </ClCompile>
    <ClCompile Include="C:\Users\Cheng\Desktop\ee557\02_3D_Modeling\controls.cpp">
      <Filter>Source Files</Filter>
    </ClCompile>
    <ClCompile Include="C:\Users\Cheng\Desktop\ee557\02_3D_Modeling\HCI557Common.cpp">
      <Filter>Source Files</Filter>
    </ClCompile>
    <ClCompile Include="C:\Users\Cheng\Desktop\ee557\02_3D_Modeling\CoordSystem.cpp">
      <Filter>Source Files</Filter>
    </ClCompile>
  </ItemGroup>
  <ItemGroup>
    <ClInclude Include="C:\Users\Cheng\Desktop\ee557\02_3D_Modeling\controls.h">
      <Filter>Header Files</Filter>
    </ClInclude>
    <ClInclude Include="C:\Users\Cheng\Desktop\ee557\02_3D_Modeling\HCI557Common.h">
      <Filter>Header Files</Filter>
    </ClInclude>
    <ClInclude Include="C:\Users\Cheng\Desktop\ee557\02_3D_Modeling\CoordSystem.h">
      <Filter>Header Files</Filter>
    </ClInclude>
  </ItemGroup>
  <ItemGroup>
    <CustomBuild Include="C:\Users\Cheng\Desktop\ee557\02_3D_Modeling\CMakeLists.txt" />
  </ItemGroup>
  <ItemGroup>
    <Filter Include="Source Files">
      <UniqueIdentifier>{B07A7976-459B-3740-B34D-0C005402CECB}</UniqueIdentifier>
    </Filter>
    <Filter Include="Header Files">
      <UniqueIdentifier>{18F3E76A-AF38-3F08-80FA-837C0D2B8BAB}</UniqueIdentifier>
    </Filter>
  </ItemGroup>
</Project>
